{
  "version": 4,
  "terraform_version": "1.4.6",
  "serial": 34,
  "lineage": "ec066ffd-8535-b451-ae63-822b2475f281",
  "outputs": {
    "ebilling-ec2-key-pair": {
      "value": "ebilling-ec2-key-pair-unt1fbl3",
      "type": "string"
    },
    "ebilling-ec2-private-ip": {
      "value": "10.10.10.103",
      "type": "string"
    },
    "ebilling-ec2-public-ip": {
      "value": "3.88.137.0",
      "type": "string"
    }
  },
  "resources": [
    {
      "mode": "managed",
      "type": "aws_iam_instance_profile",
      "name": "ebilling-ec2-instance-profile",
      "provider": "provider[\"registry.terraform.io/hashicorp/aws\"]",
      "instances": [
        {
          "schema_version": 0,
          "attributes": {
            "arn": "arn:aws:iam::940949265081:instance-profile/ebilling-ec2-instance-profile-unt1fbl3",
            "create_date": "2024-04-11T19:11:04Z",
            "id": "ebilling-ec2-instance-profile-unt1fbl3",
            "name": "ebilling-ec2-instance-profile-unt1fbl3",
            "name_prefix": "",
            "path": "/",
            "role": "ebilling-ec2-role-unt1fbl3",
            "tags": {
              "yor_name": "ebilling-ec2-instance-profile",
              "yor_trace": "59c0fa0c-b60f-4262-9911-c4c48d5b53fa"
            },
            "tags_all": {
              "yor_name": "ebilling-ec2-instance-profile",
              "yor_trace": "59c0fa0c-b60f-4262-9911-c4c48d5b53fa"
            },
            "unique_id": "AIPA5WFHSLK4SRR5AEVJY"
          },
          "sensitive_attributes": [],
          "private": "bnVsbA==",
          "dependencies": [
            "aws_iam_role.ebilling-ec2-role",
            "random_string.bucket_suffix"
          ]
        }
      ]
    },
    {
      "mode": "managed",
      "type": "aws_iam_policy",
      "name": "ebilling-ec2-role-policy",
      "provider": "provider[\"registry.terraform.io/hashicorp/aws\"]",
      "instances": [
        {
          "schema_version": 0,
          "attributes": {
            "arn": "arn:aws:iam::940949265081:policy/ebilling-ec2-role-policy-unt1fbl3",
            "description": "ebilling-ec2-role-policy-unt1fbl3",
            "id": "arn:aws:iam::940949265081:policy/ebilling-ec2-role-policy-unt1fbl3",
            "name": "ebilling-ec2-role-policy-unt1fbl3",
            "name_prefix": "",
            "path": "/",
            "policy": "{\"Statement\":[{\"Action\":[\"s3:*\",\"cloudwatch:*\",\"ecr:GetAuthorizationToken\",\"ecr:BatchCheckLayerAvailability\",\"ecr:GetDownloadUrlForLayer\",\"ecr:BatchGetImage\",\"logs:CreateLogStream\",\"logs:PutLogEvents\",\"iam:PassRole\",\"iam:ListAttachedUserPolicies\",\"iam:GetRole\",\"iam:GetRolePolicy\",\"ec2:DescribeInstances\",\"ec2:CreateKeyPair\",\"ec2:RunInstances\",\"ec2:TerminateInstances\",\"iam:ListRoles\",\"iam:ListInstanceProfiles\",\"iam:ListAttachedRolePolicies\",\"iam:GetPolicyVersion\",\"iam:GetPolicy\",\"ec2:AssociateIamInstanceProfile\"],\"Effect\":\"Allow\",\"Resource\":\"*\",\"Sid\":\"VisualEditor0\"},{\"Action\":[\"lambda:ListProvisionedConcurrencyConfigs\",\"lambda:ListFunctionEventInvokeConfigs\",\"lambda:ListFunctions\",\"lambda:ListFunctionsByCodeSigningConfig\",\"lambda:InvokeFunction\",\"lambda:ListVersionsByFunction\",\"lambda:ListAliases\",\"lambda:ListEventSourceMappings\",\"lambda:ListFunctionUrlConfigs\",\"lambda:ListLayerVersions\",\"lambda:ListLayers\",\"lambda:ListCodeSigningConfigs\"],\"Effect\":\"Allow\",\"Resource\":\"*\"}],\"Version\":\"2012-10-17\"}",
            "policy_id": "ANPA5WFHSLK47ST2FXXIL",
            "tags": {
              "yor_name": "ebilling-ec2-role-policy",
              "yor_trace": "fdbdd721-c67f-4dd3-bbd3-a659ed42b867"
            },
            "tags_all": {
              "yor_name": "ebilling-ec2-role-policy",
              "yor_trace": "fdbdd721-c67f-4dd3-bbd3-a659ed42b867"
            }
          },
          "sensitive_attributes": [],
          "private": "bnVsbA==",
          "dependencies": [
            "random_string.bucket_suffix"
          ]
        }
      ]
    },
    {
      "mode": "managed",
      "type": "aws_iam_policy",
      "name": "s3_ap_policy",
      "provider": "provider[\"registry.terraform.io/hashicorp/aws\"]",
      "instances": [
        {
          "schema_version": 0,
          "attributes": {
            "arn": "arn:aws:iam::940949265081:policy/s3_ap_policy_unt1fbl3",
            "description": "",
            "id": "arn:aws:iam::940949265081:policy/s3_ap_policy_unt1fbl3",
            "name": "s3_ap_policy_unt1fbl3",
            "name_prefix": "",
            "path": "/",
            "policy": "{\"Statement\":[{\"Action\":[\"iam:PassRole\",\"sagemaker:CreateNotebookInstance\",\"sagemaker:CreateProcessingJob\",\"sagemaker:CreateTrainingJob\",\"ec2:*\",\"elasticloadbalancing:*\",\"cloudwatch:*\",\"autoscaling:*\",\"iam:CreateServiceLinkedRole\",\"s3:GetObject\",\"s3:GetObjectVersionTagging\",\"s3:GetStorageLensConfigurationTagging\",\"s3:GetObjectAcl\",\"s3:GetBucketObjectLockConfiguration\",\"s3:GetIntelligentTieringConfiguration\",\"s3:DeleteAccessPointPolicyForObjectLambda\",\"s3:DeleteJobTagging\",\"s3:GetObjectVersionAcl\",\"s3:PutBucketAcl\",\"s3:PutObjectTagging\",\"s3:DeleteObjectTagging\",\"s3:PutAccessPointPolicyForObjectLambda\",\"s3:GetBucketPolicyStatus\",\"s3:GetObjectRetention\",\"s3:GetBucketWebsite\",\"s3:PutMultiRegionAccessPointPolicy\",\"s3:GetJobTagging\",\"s3:DeleteStorageLensConfigurationTagging\",\"s3:GetMultiRegionAccessPoint\",\"s3:GetObjectAttributes\",\"s3:DeleteObjectVersionTagging\",\"s3:GetObjectLegalHold\",\"s3:GetBucketNotification\",\"s3:DeleteBucketPolicy\",\"s3:DescribeMultiRegionAccessPointOperation\",\"s3:GetReplicationConfiguration\",\"s3:ListMultipartUploadParts\",\"s3:GetObject\",\"s3:DescribeJob\",\"s3:PutObjectVersionAcl\",\"s3:GetAnalyticsConfiguration\",\"s3:GetObjectVersionForReplication\",\"s3:PutAccessPointPolicy\",\"s3:GetAccessPointForObjectLambda\",\"s3:GetStorageLensDashboard\",\"s3:GetLifecycleConfiguration\",\"s3:GetInventoryConfiguration\",\"s3:GetBucketTagging\",\"s3:GetAccessPointPolicyForObjectLambda\",\"s3:GetBucketLogging\",\"s3:ListBucketVersions\",\"s3:ReplicateTags\",\"s3:ListBucket\",\"s3:GetAccelerateConfiguration\",\"s3:GetObjectVersionAttributes\",\"s3:GetBucketPolicy\",\"s3:GetEncryptionConfiguration\",\"s3:GetObjectVersionTorrent\",\"s3:PutBucketTagging\",\"s3:GetBucketRequestPayment\",\"s3:GetAccessPointPolicyStatus\",\"s3:GetObjectTagging\",\"s3:GetMetricsConfiguration\",\"s3:GetBucketOwnershipControls\",\"s3:PutObjectAcl\",\"s3:GetBucketPublicAccessBlock\",\"s3:GetMultiRegionAccessPointPolicyStatus\",\"s3:ListBucketMultipartUploads\",\"s3:PutBucketPublicAccessBlock\",\"s3:GetMultiRegionAccessPointPolicy\",\"s3:GetAccessPointPolicyStatusForObjectLambda\",\"s3:PutStorageLensConfigurationTagging\",\"s3:PutObjectVersionTagging\",\"s3:PutJobTagging\",\"s3:GetBucketVersioning\",\"s3:GetBucketAcl\",\"s3:GetAccessPointConfigurationForObjectLambda\",\"s3:BypassGovernanceRetention\",\"s3:GetObjectTorrent\",\"s3:ObjectOwnerOverrideToBucketOwner\",\"s3:GetMultiRegionAccessPointRoutes\",\"s3:GetStorageLensConfiguration\",\"s3:GetBucketCORS\",\"s3:PutBucketPolicy\",\"s3:DeleteAccessPointPolicy\",\"s3:GetBucketLocation\",\"s3:GetAccessPointPolicy\",\"s3:GetObjectVersion\",\"ec2:RunInstances\",\"lambda:InvokeFunction\"],\"Effect\":\"Allow\",\"Resource\":\"arn:aws:s3:::pc-national-bank-bucket-unt1fbl3\"},{\"Action\":\"s3:GetObject\",\"Effect\":\"Allow\",\"Resource\":\"arn:aws:s3:::*/*\"}],\"Version\":\"2012-10-17\"}",
            "policy_id": "ANPA5WFHSLK4ZZYBZDMHD",
            "tags": {
              "yor_name": "s3_ap_policy",
              "yor_trace": "81461050-410a-44cf-9756-e1807e1d7c6b"
            },
            "tags_all": {
              "yor_name": "s3_ap_policy",
              "yor_trace": "81461050-410a-44cf-9756-e1807e1d7c6b"
            }
          },
          "sensitive_attributes": [],
          "private": "bnVsbA==",
          "dependencies": [
            "aws_s3_bucket.pc-national-bank-bucket",
            "random_string.bucket_suffix"
          ]
        }
      ]
    },
    {
      "mode": "managed",
      "type": "aws_iam_policy_attachment",
      "name": "ebilling-ec2-role-policy-attachment",
      "provider": "provider[\"registry.terraform.io/hashicorp/aws\"]",
      "instances": [
        {
          "schema_version": 0,
          "attributes": {
            "groups": null,
            "id": "ebilling-ec2-role-policy-attachment-unt1fbl3",
            "name": "ebilling-ec2-role-policy-attachment-unt1fbl3",
            "policy_arn": "arn:aws:iam::940949265081:policy/ebilling-ec2-role-policy-unt1fbl3",
            "roles": [
              "ebilling-ec2-role-unt1fbl3"
            ],
            "users": null
          },
          "sensitive_attributes": [],
          "private": "bnVsbA==",
          "dependencies": [
            "aws_iam_policy.ebilling-ec2-role-policy",
            "aws_iam_role.ebilling-ec2-role",
            "random_string.bucket_suffix"
          ]
        }
      ]
    },
    {
      "mode": "managed",
      "type": "aws_iam_policy_attachment",
      "name": "s3_ap_policy-attachment",
      "provider": "provider[\"registry.terraform.io/hashicorp/aws\"]",
      "instances": [
        {
          "schema_version": 0,
          "attributes": {
            "groups": null,
            "id": "s3_ap_policy-attachment-unt1fbl3",
            "name": "s3_ap_policy-attachment-unt1fbl3",
            "policy_arn": "arn:aws:iam::940949265081:policy/s3_ap_policy_unt1fbl3",
            "roles": [
              "ebilling-ec2-role-unt1fbl3"
            ],
            "users": null
          },
          "sensitive_attributes": [],
          "private": "bnVsbA==",
          "dependencies": [
            "aws_iam_policy.s3_ap_policy",
            "aws_iam_role.ebilling-ec2-role",
            "aws_s3_bucket.pc-national-bank-bucket",
            "random_string.bucket_suffix"
          ]
        }
      ]
    },
    {
      "mode": "managed",
      "type": "aws_iam_role",
      "name": "ebilling-ec2-role",
      "provider": "provider[\"registry.terraform.io/hashicorp/aws\"]",
      "instances": [
        {
          "schema_version": 0,
          "attributes": {
            "arn": "arn:aws:iam::940949265081:role/ebilling-ec2-role-unt1fbl3",
            "assume_role_policy": "{\"Statement\":[{\"Action\":\"sts:AssumeRole\",\"Effect\":\"Allow\",\"Principal\":{\"Service\":\"ec2.amazonaws.com\"},\"Sid\":\"\"}],\"Version\":\"2012-10-17\"}",
            "create_date": "2024-04-11T19:11:04Z",
            "description": "",
            "force_detach_policies": false,
            "id": "ebilling-ec2-role-unt1fbl3",
            "inline_policy": [],
            "managed_policy_arns": [],
            "max_session_duration": 3600,
            "name": "ebilling-ec2-role-unt1fbl3",
            "name_prefix": "",
            "path": "/",
            "permissions_boundary": "",
            "tags": {
              "Name": "ebilling-ec2-role-unt1fbl3",
              "Scenario": "ebilling-scenario",
              "Stack": "ebilling",
              "yor_name": "ebilling-ec2-role",
              "yor_trace": "a9f1044a-7474-4f49-963d-5ac171454586"
            },
            "tags_all": {
              "Name": "ebilling-ec2-role-unt1fbl3",
              "Scenario": "ebilling-scenario",
              "Stack": "ebilling",
              "yor_name": "ebilling-ec2-role",
              "yor_trace": "a9f1044a-7474-4f49-963d-5ac171454586"
            },
            "unique_id": "AROA5WFHSLK4SKGBIDFUL"
          },
          "sensitive_attributes": [],
          "private": "bnVsbA==",
          "dependencies": [
            "random_string.bucket_suffix"
          ]
        }
      ]
    },
    {
      "mode": "managed",
      "type": "aws_instance",
      "name": "ebilling-ubuntu-ec2",
      "provider": "provider[\"registry.terraform.io/hashicorp/aws\"]",
      "instances": [
        {
          "schema_version": 1,
          "attributes": {
            "ami": "ami-053b0d53c279acc90",
            "arn": "arn:aws:ec2:us-east-1:940949265081:instance/i-0180088f9436c9d27",
            "associate_public_ip_address": true,
            "availability_zone": "us-east-1a",
            "capacity_reservation_specification": [
              {
                "capacity_reservation_preference": "open",
                "capacity_reservation_target": []
              }
            ],
            "cpu_core_count": 1,
            "cpu_options": [
              {
                "amd_sev_snp": "",
                "core_count": 1,
                "threads_per_core": 1
              }
            ],
            "cpu_threads_per_core": 1,
            "credit_specification": [
              {
                "cpu_credits": "standard"
              }
            ],
            "disable_api_stop": false,
            "disable_api_termination": false,
            "ebs_block_device": [],
            "ebs_optimized": false,
            "enclave_options": [
              {
                "enabled": false
              }
            ],
            "ephemeral_block_device": [],
            "get_password_data": false,
            "hibernation": false,
            "host_id": "",
            "host_resource_group_arn": null,
            "iam_instance_profile": "ebilling-ec2-instance-profile-unt1fbl3",
            "id": "i-0180088f9436c9d27",
            "instance_initiated_shutdown_behavior": "stop",
            "instance_lifecycle": "",
            "instance_market_options": [],
            "instance_state": "running",
            "instance_type": "t2.micro",
            "ipv6_address_count": 0,
            "ipv6_addresses": [],
            "key_name": "ebilling-ec2-key-pair-unt1fbl3",
            "launch_template": [],
            "maintenance_options": [
              {
                "auto_recovery": "default"
              }
            ],
            "metadata_options": [
              {
                "http_endpoint": "enabled",
                "http_protocol_ipv6": "disabled",
                "http_put_response_hop_limit": 1,
                "http_tokens": "optional",
                "instance_metadata_tags": "disabled"
              }
            ],
            "monitoring": false,
            "network_interface": [],
            "outpost_arn": "",
            "password_data": "",
            "placement_group": "",
            "placement_partition_number": 0,
            "primary_network_interface_id": "eni-0b63d99ac36b968ff",
            "private_dns": "ip-10-10-10-103.ec2.internal",
            "private_dns_name_options": [
              {
                "enable_resource_name_dns_a_record": false,
                "enable_resource_name_dns_aaaa_record": false,
                "hostname_type": "ip-name"
              }
            ],
            "private_ip": "10.10.10.103",
            "public_dns": "ec2-3-88-137-0.compute-1.amazonaws.com",
            "public_ip": "3.88.137.0",
            "root_block_device": [
              {
                "delete_on_termination": true,
                "device_name": "/dev/sda1",
                "encrypted": false,
                "iops": 180,
                "kms_key_id": "",
                "tags": null,
                "tags_all": {},
                "throughput": 0,
                "volume_id": "vol-0c8025123a7b57eb4",
                "volume_size": 60,
                "volume_type": "gp2"
              }
            ],
            "secondary_private_ips": [],
            "security_groups": [],
            "source_dest_check": true,
            "spot_instance_request_id": "",
            "subnet_id": "subnet-014c20a9c9c59936f",
            "tags": {
              "Name": "ebilling-ubuntu-ec2-unt1fbl3",
              "Scenario": "ebilling-scenario",
              "Stack": "ebilling",
              "yor_name": "ebilling-ubuntu-ec2",
              "yor_trace": "b240e180-7f5d-44cc-ae81-257092b9d304"
            },
            "tags_all": {
              "Name": "ebilling-ubuntu-ec2-unt1fbl3",
              "Scenario": "ebilling-scenario",
              "Stack": "ebilling",
              "yor_name": "ebilling-ubuntu-ec2",
              "yor_trace": "b240e180-7f5d-44cc-ae81-257092b9d304"
            },
            "tenancy": "default",
            "timeouts": null,
            "user_data": null,
            "user_data_base64": null,
            "user_data_replace_on_change": false,
            "volume_tags": null,
            "vpc_security_group_ids": [
              "sg-03ad3e63ae735c5a3",
              "sg-090dd03b5e1afe600"
            ]
          },
          "sensitive_attributes": [],
          "private": "eyJlMmJmYjczMC1lY2FhLTExZTYtOGY4OC0zNDM2M2JjN2M0YzAiOnsiY3JlYXRlIjo2MDAwMDAwMDAwMDAsImRlbGV0ZSI6MTIwMDAwMDAwMDAwMCwicmVhZCI6OTAwMDAwMDAwMDAwLCJ1cGRhdGUiOjYwMDAwMDAwMDAwMH0sInNjaGVtYV92ZXJzaW9uIjoiMSJ9",
          "dependencies": [
            "aws_iam_instance_profile.ebilling-ec2-instance-profile",
            "aws_iam_role.ebilling-ec2-role",
            "aws_key_pair.ebilling-ec2-key-pair",
            "aws_security_group.ebilling-ec2-http-security-group",
            "aws_security_group.ebilling-ec2-ssh-security-group",
            "aws_subnet.ebilling-public-subnet-1",
            "aws_vpc.ebilling-vpc",
            "random_string.bucket_suffix"
          ]
        }
      ]
    },
    {
      "mode": "managed",
      "type": "aws_internet_gateway",
      "name": "ebilling-internet-gateway",
      "provider": "provider[\"registry.terraform.io/hashicorp/aws\"]",
      "instances": [
        {
          "schema_version": 0,
          "attributes": {
            "arn": "arn:aws:ec2:us-east-1:940949265081:internet-gateway/igw-04f2691ee6ef0b47d",
            "id": "igw-04f2691ee6ef0b47d",
            "owner_id": "940949265081",
            "tags": {
              "Name": "ebilling unt1fbl3 Internet Gateway",
              "Scenario": "ebilling-scenario",
              "Stack": "ebilling",
              "yor_name": "ebilling-internet-gateway",
              "yor_trace": "599a96a6-86c6-4ab8-8a71-5274605a0e76"
            },
            "tags_all": {
              "Name": "ebilling unt1fbl3 Internet Gateway",
              "Scenario": "ebilling-scenario",
              "Stack": "ebilling",
              "yor_name": "ebilling-internet-gateway",
              "yor_trace": "599a96a6-86c6-4ab8-8a71-5274605a0e76"
            },
            "timeouts": null,
            "vpc_id": "vpc-0d8a6ea864c50de01"
          },
          "sensitive_attributes": [],
          "private": "eyJlMmJmYjczMC1lY2FhLTExZTYtOGY4OC0zNDM2M2JjN2M0YzAiOnsiY3JlYXRlIjoxMjAwMDAwMDAwMDAwLCJkZWxldGUiOjEyMDAwMDAwMDAwMDAsInVwZGF0ZSI6MTIwMDAwMDAwMDAwMH19",
          "dependencies": [
            "aws_vpc.ebilling-vpc",
            "random_string.bucket_suffix"
          ]
        }
      ]
    },
    {
      "mode": "managed",
      "type": "aws_key_pair",
      "name": "ebilling-ec2-key-pair",
      "provider": "provider[\"registry.terraform.io/hashicorp/aws\"]",
      "instances": [
        {
          "schema_version": 1,
          "attributes": {
            "arn": "arn:aws:ec2:us-east-1:940949265081:key-pair/ebilling-ec2-key-pair-unt1fbl3",
            "fingerprint": "40:50:8f:f2:0c:47:9f:74:8a:2b:f8:70:aa:ac:19:3f",
            "id": "ebilling-ec2-key-pair-unt1fbl3",
            "key_name": "ebilling-ec2-key-pair-unt1fbl3",
            "key_name_prefix": "",
            "key_pair_id": "key-0cdf18815090cb3ce",
            "key_type": "rsa",
            "public_key": "ssh-rsa AAAAB3NzaC1yc2EAAAADAQABAAABgQDLHMN5KGg13TD8PiznAZs+M0JTxFhv2V2sE4pfBekwMjQddYLrOi8Bi7t7W1MvLMu/AYDSem36IMYQHtGkpNc/IJokF3UQgFOV08GuH8SNN8vbq3c9M/V2G58ScCO0FYHy7A2WMcdilzh4xxClI6JAyqPwSuSOnYOuWl3UwSUKRyYq+4oHufugJco1hoJXlOsPpN/qhfE9DeJ0nsBFffazXu3CuPBy2KNrKT05EGE4bw1UndnKFaMDL63a3sTnvRJ7dn8IKEoZkRjFVeApbOY8chQODtzaDarkUfCaR9Z2f5COI2vB9zwbOa0zLfc6DJpeGPC0mVRkf9iqI+V3PEoK1qDUB2bFdoflqWJ2v/1HiAE85KKWHs2posZ1QbVsAIihc+Zto7WvwZheB9p853l5JzZMuHUpfNZrlVeBD+tR5VlZgTU0kqLGwSurHSYDTwWqv6wMJ7pivrhT/WXHqfI2thSAJQUDLlwb7LCfCdsOH1VgqOjHnQlfAidLKTKQ5hU= labuser@ip-10-0-2-155",
            "tags": {
              "yor_name": "ebilling-ec2-key-pair",
              "yor_trace": "87a7c315-3aa6-4fcf-9bcf-990d13aa812d"
            },
            "tags_all": {
              "yor_name": "ebilling-ec2-key-pair",
              "yor_trace": "87a7c315-3aa6-4fcf-9bcf-990d13aa812d"
            }
          },
          "sensitive_attributes": [],
          "private": "eyJzY2hlbWFfdmVyc2lvbiI6IjEifQ==",
          "dependencies": [
            "random_string.bucket_suffix"
          ]
        }
      ]
    },
    {
      "mode": "managed",
      "type": "aws_route_table",
      "name": "ebilling-public-subnet-route-table",
      "provider": "provider[\"registry.terraform.io/hashicorp/aws\"]",
      "instances": [
        {
          "schema_version": 0,
          "attributes": {
            "arn": "arn:aws:ec2:us-east-1:940949265081:route-table/rtb-025193d83d814eb4b",
            "id": "rtb-025193d83d814eb4b",
            "owner_id": "940949265081",
            "propagating_vgws": [],
            "route": [
              {
                "carrier_gateway_id": "",
                "cidr_block": "0.0.0.0/0",
                "core_network_arn": "",
                "destination_prefix_list_id": "",
                "egress_only_gateway_id": "",
                "gateway_id": "igw-04f2691ee6ef0b47d",
                "ipv6_cidr_block": "",
                "local_gateway_id": "",
                "nat_gateway_id": "",
                "network_interface_id": "",
                "transit_gateway_id": "",
                "vpc_endpoint_id": "",
                "vpc_peering_connection_id": ""
              }
            ],
            "tags": {
              "Name": "ebilling unt1fbl3 Route Table for Public Subnet",
              "Scenario": "ebilling-scenario",
              "Stack": "ebilling",
              "yor_name": "ebilling-public-subnet-route-table",
              "yor_trace": "606ae2a0-4e01-4258-8f46-a1aff5f572ee"
            },
            "tags_all": {
              "Name": "ebilling unt1fbl3 Route Table for Public Subnet",
              "Scenario": "ebilling-scenario",
              "Stack": "ebilling",
              "yor_name": "ebilling-public-subnet-route-table",
              "yor_trace": "606ae2a0-4e01-4258-8f46-a1aff5f572ee"
            },
            "timeouts": null,
            "vpc_id": "vpc-0d8a6ea864c50de01"
          },
          "sensitive_attributes": [],
          "private": "eyJlMmJmYjczMC1lY2FhLTExZTYtOGY4OC0zNDM2M2JjN2M0YzAiOnsiY3JlYXRlIjozMDAwMDAwMDAwMDAsImRlbGV0ZSI6MzAwMDAwMDAwMDAwLCJ1cGRhdGUiOjEyMDAwMDAwMDAwMH19",
          "dependencies": [
            "aws_internet_gateway.ebilling-internet-gateway",
            "aws_vpc.ebilling-vpc",
            "random_string.bucket_suffix"
          ]
        }
      ]
    },
    {
      "mode": "managed",
      "type": "aws_route_table_association",
      "name": "ebilling-public-subnet-1-route-association",
      "provider": "provider[\"registry.terraform.io/hashicorp/aws\"]",
      "instances": [
        {
          "schema_version": 0,
          "attributes": {
            "gateway_id": "",
            "id": "rtbassoc-037e42f7c5791e35a",
            "route_table_id": "rtb-025193d83d814eb4b",
            "subnet_id": "subnet-014c20a9c9c59936f",
            "timeouts": null
          },
          "sensitive_attributes": [],
          "private": "eyJlMmJmYjczMC1lY2FhLTExZTYtOGY4OC0zNDM2M2JjN2M0YzAiOnsiY3JlYXRlIjozMDAwMDAwMDAwMDAsImRlbGV0ZSI6MzAwMDAwMDAwMDAwLCJ1cGRhdGUiOjEyMDAwMDAwMDAwMH19",
          "dependencies": [
            "aws_internet_gateway.ebilling-internet-gateway",
            "aws_route_table.ebilling-public-subnet-route-table",
            "aws_subnet.ebilling-public-subnet-1",
            "aws_vpc.ebilling-vpc",
            "random_string.bucket_suffix"
          ]
        }
      ]
    },
    {
      "mode": "managed",
      "type": "aws_route_table_association",
      "name": "ebilling-public-subnet-2-route-association",
      "provider": "provider[\"registry.terraform.io/hashicorp/aws\"]",
      "instances": [
        {
          "schema_version": 0,
          "attributes": {
            "gateway_id": "",
            "id": "rtbassoc-0d9700235f1fe1528",
            "route_table_id": "rtb-025193d83d814eb4b",
            "subnet_id": "subnet-041449224130dff4d",
            "timeouts": null
          },
          "sensitive_attributes": [],
          "private": "eyJlMmJmYjczMC1lY2FhLTExZTYtOGY4OC0zNDM2M2JjN2M0YzAiOnsiY3JlYXRlIjozMDAwMDAwMDAwMDAsImRlbGV0ZSI6MzAwMDAwMDAwMDAwLCJ1cGRhdGUiOjEyMDAwMDAwMDAwMH19",
          "dependencies": [
            "aws_internet_gateway.ebilling-internet-gateway",
            "aws_route_table.ebilling-public-subnet-route-table",
            "aws_subnet.ebilling-public-subnet-2",
            "aws_vpc.ebilling-vpc",
            "random_string.bucket_suffix"
          ]
        }
      ]
    },
    {
      "mode": "managed",
      "type": "aws_s3_bucket",
      "name": "pc-national-bank-bucket",
      "provider": "provider[\"registry.terraform.io/hashicorp/aws\"]",
      "instances": [
        {
          "schema_version": 0,
          "attributes": {
            "acceleration_status": "",
            "acl": null,
            "arn": "arn:aws:s3:::pc-national-bank-bucket-unt1fbl3",
            "bucket": "pc-national-bank-bucket-unt1fbl3",
            "bucket_domain_name": "pc-national-bank-bucket-unt1fbl3.s3.amazonaws.com",
            "bucket_prefix": "",
            "bucket_regional_domain_name": "pc-national-bank-bucket-unt1fbl3.s3.us-east-1.amazonaws.com",
            "cors_rule": [],
            "force_destroy": false,
            "grant": [
              {
                "id": "e9911e5c6c9a36ad84f79a9a3da8518d8285877570d7d7eba729e3419edcfa84",
                "permissions": [
                  "FULL_CONTROL"
                ],
                "type": "CanonicalUser",
                "uri": ""
              }
            ],
            "hosted_zone_id": "Z3AQBSTGFYJSTF",
            "id": "pc-national-bank-bucket-unt1fbl3",
            "lifecycle_rule": [],
            "logging": [],
            "object_lock_configuration": [],
            "object_lock_enabled": false,
            "policy": "",
            "region": "us-east-1",
            "replication_configuration": [],
            "request_payer": "BucketOwner",
            "server_side_encryption_configuration": [
              {
                "rule": [
                  {
                    "apply_server_side_encryption_by_default": [
                      {
                        "kms_master_key_id": "",
                        "sse_algorithm": "AES256"
                      }
                    ],
                    "bucket_key_enabled": false
                  }
                ]
              }
            ],
            "tags": {
              "yor_name": "pc-national-bank-bucket",
              "yor_trace": "fbc454ab-1d5b-4b24-8249-d30ea2faf65a"
            },
            "tags_all": {
              "yor_name": "pc-national-bank-bucket",
              "yor_trace": "fbc454ab-1d5b-4b24-8249-d30ea2faf65a"
            },
            "timeouts": null,
            "versioning": [
              {
                "enabled": false,
                "mfa_delete": false
              }
            ],
            "website": [],
            "website_domain": null,
            "website_endpoint": null
          },
          "sensitive_attributes": [],
          "private": "eyJlMmJmYjczMC1lY2FhLTExZTYtOGY4OC0zNDM2M2JjN2M0YzAiOnsiY3JlYXRlIjoxMjAwMDAwMDAwMDAwLCJkZWxldGUiOjM2MDAwMDAwMDAwMDAsInJlYWQiOjEyMDAwMDAwMDAwMDAsInVwZGF0ZSI6MTIwMDAwMDAwMDAwMH19",
          "dependencies": [
            "random_string.bucket_suffix"
          ]
        }
      ]
    },
    {
      "mode": "managed",
      "type": "aws_s3_object",
      "name": "pc-national-bank-bucket-object",
      "provider": "provider[\"registry.terraform.io/hashicorp/aws\"]",
      "instances": [
        {
          "index_key": "0_PII.txt",
          "schema_version": 0,
          "attributes": {
            "acl": null,
            "arn": "arn:aws:s3:::pc-national-bank-bucket-unt1fbl3/0_PII.txt",
            "bucket": "pc-national-bank-bucket-unt1fbl3",
            "bucket_key_enabled": false,
            "cache_control": "",
            "checksum_algorithm": null,
            "checksum_crc32": "",
            "checksum_crc32c": "",
            "checksum_sha1": "",
            "checksum_sha256": "",
            "content": null,
            "content_base64": null,
            "content_disposition": "",
            "content_encoding": "",
            "content_language": "",
            "content_type": "application/octet-stream",
            "etag": "6cc0cdc62c2d76861ac28e630b5bfa8c",
            "force_destroy": false,
            "id": "0_PII.txt",
            "key": "0_PII.txt",
            "kms_key_id": null,
            "metadata": null,
            "object_lock_legal_hold_status": "",
            "object_lock_mode": "",
            "object_lock_retain_until_date": "",
            "override_provider": [],
            "server_side_encryption": "AES256",
            "source": "./s3_files/0_PII.txt",
            "source_hash": null,
            "storage_class": "STANDARD",
            "tags": null,
            "tags_all": {},
            "version_id": "",
            "website_redirect": ""
          },
          "sensitive_attributes": [],
          "private": "bnVsbA==",
          "dependencies": [
            "aws_s3_bucket.pc-national-bank-bucket",
            "random_string.bucket_suffix"
          ]
        },
        {
          "index_key": "2_FinInfo_new.txt",
          "schema_version": 0,
          "attributes": {
            "acl": null,
            "arn": "arn:aws:s3:::pc-national-bank-bucket-unt1fbl3/2_FinInfo_new.txt",
            "bucket": "pc-national-bank-bucket-unt1fbl3",
            "bucket_key_enabled": false,
            "cache_control": "",
            "checksum_algorithm": null,
            "checksum_crc32": "",
            "checksum_crc32c": "",
            "checksum_sha1": "",
            "checksum_sha256": "",
            "content": null,
            "content_base64": null,
            "content_disposition": "",
            "content_encoding": "",
            "content_language": "",
            "content_type": "application/octet-stream",
            "etag": "e598016924bf9363e024431683480ee7",
            "force_destroy": false,
            "id": "2_FinInfo_new.txt",
            "key": "2_FinInfo_new.txt",
            "kms_key_id": null,
            "metadata": null,
            "object_lock_legal_hold_status": "",
            "object_lock_mode": "",
            "object_lock_retain_until_date": "",
            "override_provider": [],
            "server_side_encryption": "AES256",
            "source": "./s3_files/2_FinInfo_new.txt",
            "source_hash": null,
            "storage_class": "STANDARD",
            "tags": null,
            "tags_all": {},
            "version_id": "",
            "website_redirect": ""
          },
          "sensitive_attributes": [],
          "private": "bnVsbA==",
          "dependencies": [
            "aws_s3_bucket.pc-national-bank-bucket",
            "random_string.bucket_suffix"
          ]
        },
        {
          "index_key": "2_GDPR.txt",
          "schema_version": 0,
          "attributes": {
            "acl": null,
            "arn": "arn:aws:s3:::pc-national-bank-bucket-unt1fbl3/2_GDPR.txt",
            "bucket": "pc-national-bank-bucket-unt1fbl3",
            "bucket_key_enabled": false,
            "cache_control": "",
            "checksum_algorithm": null,
            "checksum_crc32": "",
            "checksum_crc32c": "",
            "checksum_sha1": "",
            "checksum_sha256": "",
            "content": null,
            "content_base64": null,
            "content_disposition": "",
            "content_encoding": "",
            "content_language": "",
            "content_type": "application/octet-stream",
            "etag": "06f1f79ee2a9d9d8a9821640959e01a8",
            "force_destroy": false,
            "id": "2_GDPR.txt",
            "key": "2_GDPR.txt",
            "kms_key_id": null,
            "metadata": null,
            "object_lock_legal_hold_status": "",
            "object_lock_mode": "",
            "object_lock_retain_until_date": "",
            "override_provider": [],
            "server_side_encryption": "AES256",
            "source": "./s3_files/2_GDPR.txt",
            "source_hash": null,
            "storage_class": "STANDARD",
            "tags": null,
            "tags_all": {},
            "version_id": "",
            "website_redirect": ""
          },
          "sensitive_attributes": [],
          "private": "bnVsbA==",
          "dependencies": [
            "aws_s3_bucket.pc-national-bank-bucket",
            "random_string.bucket_suffix"
          ]
        },
        {
          "index_key": "2_Healthcare.txt",
          "schema_version": 0,
          "attributes": {
            "acl": null,
            "arn": "arn:aws:s3:::pc-national-bank-bucket-unt1fbl3/2_Healthcare.txt",
            "bucket": "pc-national-bank-bucket-unt1fbl3",
            "bucket_key_enabled": false,
            "cache_control": "",
            "checksum_algorithm": null,
            "checksum_crc32": "",
            "checksum_crc32c": "",
            "checksum_sha1": "",
            "checksum_sha256": "",
            "content": null,
            "content_base64": null,
            "content_disposition": "",
            "content_encoding": "",
            "content_language": "",
            "content_type": "application/octet-stream",
            "etag": "c45a83ea6cf5fd9cd14eb873ce1f4a48",
            "force_destroy": false,
            "id": "2_Healthcare.txt",
            "key": "2_Healthcare.txt",
            "kms_key_id": null,
            "metadata": null,
            "object_lock_legal_hold_status": "",
            "object_lock_mode": "",
            "object_lock_retain_until_date": "",
            "override_provider": [],
            "server_side_encryption": "AES256",
            "source": "./s3_files/2_Healthcare.txt",
            "source_hash": null,
            "storage_class": "STANDARD",
            "tags": null,
            "tags_all": {},
            "version_id": "",
            "website_redirect": ""
          },
          "sensitive_attributes": [],
          "private": "bnVsbA==",
          "dependencies": [
            "aws_s3_bucket.pc-national-bank-bucket",
            "random_string.bucket_suffix"
          ]
        },
        {
          "index_key": "2_PII_33.sh",
          "schema_version": 0,
          "attributes": {
            "acl": null,
            "arn": "arn:aws:s3:::pc-national-bank-bucket-unt1fbl3/2_PII_33.sh",
            "bucket": "pc-national-bank-bucket-unt1fbl3",
            "bucket_key_enabled": false,
            "cache_control": "",
            "checksum_algorithm": null,
            "checksum_crc32": "",
            "checksum_crc32c": "",
            "checksum_sha1": "",
            "checksum_sha256": "",
            "content": null,
            "content_base64": null,
            "content_disposition": "",
            "content_encoding": "",
            "content_language": "",
            "content_type": "application/octet-stream",
            "etag": "d9395bbca17e661394daf884c1043009",
            "force_destroy": false,
            "id": "2_PII_33.sh",
            "key": "2_PII_33.sh",
            "kms_key_id": null,
            "metadata": null,
            "object_lock_legal_hold_status": "",
            "object_lock_mode": "",
            "object_lock_retain_until_date": "",
            "override_provider": [],
            "server_side_encryption": "AES256",
            "source": "./s3_files/2_PII_33.sh",
            "source_hash": null,
            "storage_class": "STANDARD",
            "tags": null,
            "tags_all": {},
            "version_id": "",
            "website_redirect": ""
          },
          "sensitive_attributes": [],
          "private": "bnVsbA==",
          "dependencies": [
            "aws_s3_bucket.pc-national-bank-bucket",
            "random_string.bucket_suffix"
          ]
        },
        {
          "index_key": "2_PII_latest.txt",
          "schema_version": 0,
          "attributes": {
            "acl": null,
            "arn": "arn:aws:s3:::pc-national-bank-bucket-unt1fbl3/2_PII_latest.txt",
            "bucket": "pc-national-bank-bucket-unt1fbl3",
            "bucket_key_enabled": false,
            "cache_control": "",
            "checksum_algorithm": null,
            "checksum_crc32": "",
            "checksum_crc32c": "",
            "checksum_sha1": "",
            "checksum_sha256": "",
            "content": null,
            "content_base64": null,
            "content_disposition": "",
            "content_encoding": "",
            "content_language": "",
            "content_type": "application/octet-stream",
            "etag": "0057f2fd2c0733116ac20c14ee344ece",
            "force_destroy": false,
            "id": "2_PII_latest.txt",
            "key": "2_PII_latest.txt",
            "kms_key_id": null,
            "metadata": null,
            "object_lock_legal_hold_status": "",
            "object_lock_mode": "",
            "object_lock_retain_until_date": "",
            "override_provider": [],
            "server_side_encryption": "AES256",
            "source": "./s3_files/2_PII_latest.txt",
            "source_hash": null,
            "storage_class": "STANDARD",
            "tags": null,
            "tags_all": {},
            "version_id": "",
            "website_redirect": ""
          },
          "sensitive_attributes": [],
          "private": "bnVsbA==",
          "dependencies": [
            "aws_s3_bucket.pc-national-bank-bucket",
            "random_string.bucket_suffix"
          ]
        },
        {
          "index_key": "2_wildfire-test-pe-file.exe",
          "schema_version": 0,
          "attributes": {
            "acl": null,
            "arn": "arn:aws:s3:::pc-national-bank-bucket-unt1fbl3/2_wildfire-test-pe-file.exe",
            "bucket": "pc-national-bank-bucket-unt1fbl3",
            "bucket_key_enabled": false,
            "cache_control": "",
            "checksum_algorithm": null,
            "checksum_crc32": "",
            "checksum_crc32c": "",
            "checksum_sha1": "",
            "checksum_sha256": "",
            "content": null,
            "content_base64": null,
            "content_disposition": "",
            "content_encoding": "",
            "content_language": "",
            "content_type": "application/octet-stream",
            "etag": "7fbb2ce570a673456f45a01ef0b57b47",
            "force_destroy": false,
            "id": "2_wildfire-test-pe-file.exe",
            "key": "2_wildfire-test-pe-file.exe",
            "kms_key_id": null,
            "metadata": null,
            "object_lock_legal_hold_status": "",
            "object_lock_mode": "",
            "object_lock_retain_until_date": "",
            "override_provider": [],
            "server_side_encryption": "AES256",
            "source": "./s3_files/2_wildfire-test-pe-file.exe",
            "source_hash": null,
            "storage_class": "STANDARD",
            "tags": null,
            "tags_all": {},
            "version_id": "",
            "website_redirect": ""
          },
          "sensitive_attributes": [],
          "private": "bnVsbA==",
          "dependencies": [
            "aws_s3_bucket.pc-national-bank-bucket",
            "random_string.bucket_suffix"
          ]
        },
        {
          "index_key": "IP_multiline copy.txt",
          "schema_version": 0,
          "attributes": {
            "acl": null,
            "arn": "arn:aws:s3:::pc-national-bank-bucket-unt1fbl3/IP_multiline copy.txt",
            "bucket": "pc-national-bank-bucket-unt1fbl3",
            "bucket_key_enabled": false,
            "cache_control": "",
            "checksum_algorithm": null,
            "checksum_crc32": "",
            "checksum_crc32c": "",
            "checksum_sha1": "",
            "checksum_sha256": "",
            "content": null,
            "content_base64": null,
            "content_disposition": "",
            "content_encoding": "",
            "content_language": "",
            "content_type": "application/octet-stream",
            "etag": "53f3a2b07543f4c3f116746696552d63",
            "force_destroy": false,
            "id": "IP_multiline copy.txt",
            "key": "IP_multiline copy.txt",
            "kms_key_id": null,
            "metadata": null,
            "object_lock_legal_hold_status": "",
            "object_lock_mode": "",
            "object_lock_retain_until_date": "",
            "override_provider": [],
            "server_side_encryption": "AES256",
            "source": "./s3_files/IP_multiline copy.txt",
            "source_hash": null,
            "storage_class": "STANDARD",
            "tags": null,
            "tags_all": {},
            "version_id": "",
            "website_redirect": ""
          },
          "sensitive_attributes": [],
          "private": "bnVsbA==",
          "dependencies": [
            "aws_s3_bucket.pc-national-bank-bucket",
            "random_string.bucket_suffix"
          ]
        },
        {
          "index_key": "Jul11_new_financial.txt",
          "schema_version": 0,
          "attributes": {
            "acl": null,
            "arn": "arn:aws:s3:::pc-national-bank-bucket-unt1fbl3/Jul11_new_financial.txt",
            "bucket": "pc-national-bank-bucket-unt1fbl3",
            "bucket_key_enabled": false,
            "cache_control": "",
            "checksum_algorithm": null,
            "checksum_crc32": "",
            "checksum_crc32c": "",
            "checksum_sha1": "",
            "checksum_sha256": "",
            "content": null,
            "content_base64": null,
            "content_disposition": "",
            "content_encoding": "",
            "content_language": "",
            "content_type": "application/octet-stream",
            "etag": "5534b313db71f22947c6f07d81d7ad7b",
            "force_destroy": false,
            "id": "Jul11_new_financial.txt",
            "key": "Jul11_new_financial.txt",
            "kms_key_id": null,
            "metadata": null,
            "object_lock_legal_hold_status": "",
            "object_lock_mode": "",
            "object_lock_retain_until_date": "",
            "override_provider": [],
            "server_side_encryption": "AES256",
            "source": "./s3_files/Jul11_new_financial.txt",
            "source_hash": null,
            "storage_class": "STANDARD",
            "tags": null,
            "tags_all": {},
            "version_id": "",
            "website_redirect": ""
          },
          "sensitive_attributes": [],
          "private": "bnVsbA==",
          "dependencies": [
            "aws_s3_bucket.pc-national-bank-bucket",
            "random_string.bucket_suffix"
          ]
        },
        {
          "index_key": "Jun21_Fwd_Healthcare.txt",
          "schema_version": 0,
          "attributes": {
            "acl": null,
            "arn": "arn:aws:s3:::pc-national-bank-bucket-unt1fbl3/Jun21_Fwd_Healthcare.txt",
            "bucket": "pc-national-bank-bucket-unt1fbl3",
            "bucket_key_enabled": false,
            "cache_control": "",
            "checksum_algorithm": null,
            "checksum_crc32": "",
            "checksum_crc32c": "",
            "checksum_sha1": "",
            "checksum_sha256": "",
            "content": null,
            "content_base64": null,
            "content_disposition": "",
            "content_encoding": "",
            "content_language": "",
            "content_type": "application/octet-stream",
            "etag": "dba24ff63d737756f8c77ed0169ff48d",
            "force_destroy": false,
            "id": "Jun21_Fwd_Healthcare.txt",
            "key": "Jun21_Fwd_Healthcare.txt",
            "kms_key_id": null,
            "metadata": null,
            "object_lock_legal_hold_status": "",
            "object_lock_mode": "",
            "object_lock_retain_until_date": "",
            "override_provider": [],
            "server_side_encryption": "AES256",
            "source": "./s3_files/Jun21_Fwd_Healthcare.txt",
            "source_hash": null,
            "storage_class": "STANDARD",
            "tags": null,
            "tags_all": {},
            "version_id": "",
            "website_redirect": ""
          },
          "sensitive_attributes": [],
          "private": "bnVsbA==",
          "dependencies": [
            "aws_s3_bucket.pc-national-bank-bucket",
            "random_string.bucket_suffix"
          ]
        },
        {
          "index_key": "Jun27_NewFwd_PII.txt",
          "schema_version": 0,
          "attributes": {
            "acl": null,
            "arn": "arn:aws:s3:::pc-national-bank-bucket-unt1fbl3/Jun27_NewFwd_PII.txt",
            "bucket": "pc-national-bank-bucket-unt1fbl3",
            "bucket_key_enabled": false,
            "cache_control": "",
            "checksum_algorithm": null,
            "checksum_crc32": "",
            "checksum_crc32c": "",
            "checksum_sha1": "",
            "checksum_sha256": "",
            "content": null,
            "content_base64": null,
            "content_disposition": "",
            "content_encoding": "",
            "content_language": "",
            "content_type": "application/octet-stream",
            "etag": "994d53a494dfb3dd847350a048587807",
            "force_destroy": false,
            "id": "Jun27_NewFwd_PII.txt",
            "key": "Jun27_NewFwd_PII.txt",
            "kms_key_id": null,
            "metadata": null,
            "object_lock_legal_hold_status": "",
            "object_lock_mode": "",
            "object_lock_retain_until_date": "",
            "override_provider": [],
            "server_side_encryption": "AES256",
            "source": "./s3_files/Jun27_NewFwd_PII.txt",
            "source_hash": null,
            "storage_class": "STANDARD",
            "tags": null,
            "tags_all": {},
            "version_id": "",
            "website_redirect": ""
          },
          "sensitive_attributes": [],
          "private": "bnVsbA==",
          "dependencies": [
            "aws_s3_bucket.pc-national-bank-bucket",
            "random_string.bucket_suffix"
          ]
        },
        {
          "index_key": "May3_dataprofile.txt",
          "schema_version": 0,
          "attributes": {
            "acl": null,
            "arn": "arn:aws:s3:::pc-national-bank-bucket-unt1fbl3/May3_dataprofile.txt",
            "bucket": "pc-national-bank-bucket-unt1fbl3",
            "bucket_key_enabled": false,
            "cache_control": "",
            "checksum_algorithm": null,
            "checksum_crc32": "",
            "checksum_crc32c": "",
            "checksum_sha1": "",
            "checksum_sha256": "",
            "content": null,
            "content_base64": null,
            "content_disposition": "",
            "content_encoding": "",
            "content_language": "",
            "content_type": "application/octet-stream",
            "etag": "c589ab829b8cebb816ec54d28493be22",
            "force_destroy": false,
            "id": "May3_dataprofile.txt",
            "key": "May3_dataprofile.txt",
            "kms_key_id": null,
            "metadata": null,
            "object_lock_legal_hold_status": "",
            "object_lock_mode": "",
            "object_lock_retain_until_date": "",
            "override_provider": [],
            "server_side_encryption": "AES256",
            "source": "./s3_files/May3_dataprofile.txt",
            "source_hash": null,
            "storage_class": "STANDARD",
            "tags": null,
            "tags_all": {},
            "version_id": "",
            "website_redirect": ""
          },
          "sensitive_attributes": [],
          "private": "bnVsbA==",
          "dependencies": [
            "aws_s3_bucket.pc-national-bank-bucket",
            "random_string.bucket_suffix"
          ]
        },
        {
          "index_key": "PII_Health_IP_with_multiline.txt.txt",
          "schema_version": 0,
          "attributes": {
            "acl": null,
            "arn": "arn:aws:s3:::pc-national-bank-bucket-unt1fbl3/PII_Health_IP_with_multiline.txt.txt",
            "bucket": "pc-national-bank-bucket-unt1fbl3",
            "bucket_key_enabled": false,
            "cache_control": "",
            "checksum_algorithm": null,
            "checksum_crc32": "",
            "checksum_crc32c": "",
            "checksum_sha1": "",
            "checksum_sha256": "",
            "content": null,
            "content_base64": null,
            "content_disposition": "",
            "content_encoding": "",
            "content_language": "",
            "content_type": "application/octet-stream",
            "etag": "2a654d5bc92281bd9bd1ee667b022fec",
            "force_destroy": false,
            "id": "PII_Health_IP_with_multiline.txt.txt",
            "key": "PII_Health_IP_with_multiline.txt.txt",
            "kms_key_id": null,
            "metadata": null,
            "object_lock_legal_hold_status": "",
            "object_lock_mode": "",
            "object_lock_retain_until_date": "",
            "override_provider": [],
            "server_side_encryption": "AES256",
            "source": "./s3_files/PII_Health_IP_with_multiline.txt.txt",
            "source_hash": null,
            "storage_class": "STANDARD",
            "tags": null,
            "tags_all": {},
            "version_id": "",
            "website_redirect": ""
          },
          "sensitive_attributes": [],
          "private": "bnVsbA==",
          "dependencies": [
            "aws_s3_bucket.pc-national-bank-bucket",
            "random_string.bucket_suffix"
          ]
        },
        {
          "index_key": "PII_Health_IP_with_multiline_v2.txt",
          "schema_version": 0,
          "attributes": {
            "acl": null,
            "arn": "arn:aws:s3:::pc-national-bank-bucket-unt1fbl3/PII_Health_IP_with_multiline_v2.txt",
            "bucket": "pc-national-bank-bucket-unt1fbl3",
            "bucket_key_enabled": false,
            "cache_control": "",
            "checksum_algorithm": null,
            "checksum_crc32": "",
            "checksum_crc32c": "",
            "checksum_sha1": "",
            "checksum_sha256": "",
            "content": null,
            "content_base64": null,
            "content_disposition": "",
            "content_encoding": "",
            "content_language": "",
            "content_type": "application/octet-stream",
            "etag": "a266320c55baa969a1eef1c73d5648d2",
            "force_destroy": false,
            "id": "PII_Health_IP_with_multiline_v2.txt",
            "key": "PII_Health_IP_with_multiline_v2.txt",
            "kms_key_id": null,
            "metadata": null,
            "object_lock_legal_hold_status": "",
            "object_lock_mode": "",
            "object_lock_retain_until_date": "",
            "override_provider": [],
            "server_side_encryption": "AES256",
            "source": "./s3_files/PII_Health_IP_with_multiline_v2.txt",
            "source_hash": null,
            "storage_class": "STANDARD",
            "tags": null,
            "tags_all": {},
            "version_id": "",
            "website_redirect": ""
          },
          "sensitive_attributes": [],
          "private": "bnVsbA==",
          "dependencies": [
            "aws_s3_bucket.pc-national-bank-bucket",
            "random_string.bucket_suffix"
          ]
        }
      ]
    },
    {
      "mode": "managed",
      "type": "aws_security_group",
      "name": "ebilling-ec2-http-security-group",
      "provider": "provider[\"registry.terraform.io/hashicorp/aws\"]",
      "instances": [
        {
          "schema_version": 1,
          "attributes": {
            "arn": "arn:aws:ec2:us-east-1:940949265081:security-group/sg-090dd03b5e1afe600",
            "description": "ebilling unt1fbl3 Security Group for EC2 Instance over HTTP",
            "egress": [
              {
                "cidr_blocks": [
                  "0.0.0.0/0"
                ],
                "description": "",
                "from_port": 0,
                "ipv6_cidr_blocks": [],
                "prefix_list_ids": [],
                "protocol": "-1",
                "security_groups": [],
                "self": false,
                "to_port": 0
              }
            ],
            "id": "sg-090dd03b5e1afe600",
            "ingress": [
              {
                "cidr_blocks": [
                  "0.0.0.0/0"
                ],
                "description": "",
                "from_port": 80,
                "ipv6_cidr_blocks": [],
                "prefix_list_ids": [],
                "protocol": "tcp",
                "security_groups": [],
                "self": false,
                "to_port": 80
              },
              {
                "cidr_blocks": [],
                "description": "",
                "from_port": 0,
                "ipv6_cidr_blocks": [],
                "prefix_list_ids": [],
                "protocol": "tcp",
                "security_groups": [
                  "sg-03ad3e63ae735c5a3"
                ],
                "self": false,
                "to_port": 65535
              }
            ],
            "name": "ebilling-ec2-http-unt1fbl3",
            "name_prefix": "",
            "owner_id": "940949265081",
            "revoke_rules_on_delete": false,
            "tags": {
              "Name": "ebilling-ec2-http-unt1fbl3",
              "Scenario": "ebilling-scenario",
              "Stack": "ebilling",
              "yor_name": "ebilling-ec2-http-security-group",
              "yor_trace": "d966aba7-5783-4877-823b-a777fc67d50c"
            },
            "tags_all": {
              "Name": "ebilling-ec2-http-unt1fbl3",
              "Scenario": "ebilling-scenario",
              "Stack": "ebilling",
              "yor_name": "ebilling-ec2-http-security-group",
              "yor_trace": "d966aba7-5783-4877-823b-a777fc67d50c"
            },
            "timeouts": null,
            "vpc_id": "vpc-0d8a6ea864c50de01"
          },
          "sensitive_attributes": [],
          "private": "eyJlMmJmYjczMC1lY2FhLTExZTYtOGY4OC0zNDM2M2JjN2M0YzAiOnsiY3JlYXRlIjo2MDAwMDAwMDAwMDAsImRlbGV0ZSI6OTAwMDAwMDAwMDAwfSwic2NoZW1hX3ZlcnNpb24iOiIxIn0=",
          "dependencies": [
            "aws_security_group.ebilling-ec2-ssh-security-group",
            "aws_vpc.ebilling-vpc",
            "random_string.bucket_suffix"
          ]
        }
      ]
    },
    {
      "mode": "managed",
      "type": "aws_security_group",
      "name": "ebilling-ec2-ssh-security-group",
      "provider": "provider[\"registry.terraform.io/hashicorp/aws\"]",
      "instances": [
        {
          "schema_version": 1,
          "attributes": {
            "arn": "arn:aws:ec2:us-east-1:940949265081:security-group/sg-03ad3e63ae735c5a3",
            "description": "ebilling unt1fbl3 Security Group for EC2 Instance over SSH",
            "egress": [
              {
                "cidr_blocks": [
                  "0.0.0.0/0"
                ],
                "description": "",
                "from_port": 0,
                "ipv6_cidr_blocks": [],
                "prefix_list_ids": [],
                "protocol": "-1",
                "security_groups": [],
                "self": false,
                "to_port": 0
              }
            ],
            "id": "sg-03ad3e63ae735c5a3",
            "ingress": [
              {
                "cidr_blocks": [
                  "0.0.0.0/0"
                ],
                "description": "",
                "from_port": 22,
                "ipv6_cidr_blocks": [],
                "prefix_list_ids": [],
                "protocol": "tcp",
                "security_groups": [],
                "self": false,
                "to_port": 22
              },
              {
                "cidr_blocks": [
                  "10.10.0.0/16"
                ],
                "description": "",
                "from_port": 22,
                "ipv6_cidr_blocks": [],
                "prefix_list_ids": [],
                "protocol": "tcp",
                "security_groups": [],
                "self": false,
                "to_port": 22
              }
            ],
            "name": "ebilling-ec2-ssh-unt1fbl3",
            "name_prefix": "",
            "owner_id": "940949265081",
            "revoke_rules_on_delete": false,
            "tags": {
              "Name": "ebilling-ec2-ssh-unt1fbl3",
              "Scenario": "ebilling-scenario",
              "Stack": "ebilling",
              "yor_name": "ebilling-ec2-ssh-security-group",
              "yor_trace": "1302acd8-579c-463e-a6c9-5878dfdd2bf9"
            },
            "tags_all": {
              "Name": "ebilling-ec2-ssh-unt1fbl3",
              "Scenario": "ebilling-scenario",
              "Stack": "ebilling",
              "yor_name": "ebilling-ec2-ssh-security-group",
              "yor_trace": "1302acd8-579c-463e-a6c9-5878dfdd2bf9"
            },
            "timeouts": null,
            "vpc_id": "vpc-0d8a6ea864c50de01"
          },
          "sensitive_attributes": [],
          "private": "eyJlMmJmYjczMC1lY2FhLTExZTYtOGY4OC0zNDM2M2JjN2M0YzAiOnsiY3JlYXRlIjo2MDAwMDAwMDAwMDAsImRlbGV0ZSI6OTAwMDAwMDAwMDAwfSwic2NoZW1hX3ZlcnNpb24iOiIxIn0=",
          "dependencies": [
            "aws_vpc.ebilling-vpc",
            "random_string.bucket_suffix"
          ]
        }
      ]
    },
    {
      "mode": "managed",
      "type": "aws_subnet",
      "name": "ebilling-public-subnet-1",
      "provider": "provider[\"registry.terraform.io/hashicorp/aws\"]",
      "instances": [
        {
          "schema_version": 1,
          "attributes": {
            "arn": "arn:aws:ec2:us-east-1:940949265081:subnet/subnet-014c20a9c9c59936f",
            "assign_ipv6_address_on_creation": false,
            "availability_zone": "us-east-1a",
            "availability_zone_id": "use1-az2",
            "cidr_block": "10.10.10.0/24",
            "customer_owned_ipv4_pool": "",
            "enable_dns64": false,
            "enable_lni_at_device_index": 0,
            "enable_resource_name_dns_a_record_on_launch": false,
            "enable_resource_name_dns_aaaa_record_on_launch": false,
            "id": "subnet-014c20a9c9c59936f",
            "ipv6_cidr_block": "",
            "ipv6_cidr_block_association_id": "",
            "ipv6_native": false,
            "map_customer_owned_ip_on_launch": false,
            "map_public_ip_on_launch": false,
            "outpost_arn": "",
            "owner_id": "940949265081",
            "private_dns_hostname_type_on_launch": "ip-name",
            "tags": {
              "Name": "ebilling unt1fbl3 Public Subnet #1",
              "Scenario": "ebilling-scenario",
              "Stack": "ebilling",
              "yor_name": "ebilling-public-subnet-1",
              "yor_trace": "599b02e3-7069-4ec3-ae1a-bf240ad409d0"
            },
            "tags_all": {
              "Name": "ebilling unt1fbl3 Public Subnet #1",
              "Scenario": "ebilling-scenario",
              "Stack": "ebilling",
              "yor_name": "ebilling-public-subnet-1",
              "yor_trace": "599b02e3-7069-4ec3-ae1a-bf240ad409d0"
            },
            "timeouts": null,
            "vpc_id": "vpc-0d8a6ea864c50de01"
          },
          "sensitive_attributes": [],
          "private": "eyJlMmJmYjczMC1lY2FhLTExZTYtOGY4OC0zNDM2M2JjN2M0YzAiOnsiY3JlYXRlIjo2MDAwMDAwMDAwMDAsImRlbGV0ZSI6MTIwMDAwMDAwMDAwMH0sInNjaGVtYV92ZXJzaW9uIjoiMSJ9",
          "dependencies": [
            "aws_vpc.ebilling-vpc",
            "random_string.bucket_suffix"
          ]
        }
      ]
    },
    {
      "mode": "managed",
      "type": "aws_subnet",
      "name": "ebilling-public-subnet-2",
      "provider": "provider[\"registry.terraform.io/hashicorp/aws\"]",
      "instances": [
        {
          "schema_version": 1,
          "attributes": {
            "arn": "arn:aws:ec2:us-east-1:940949265081:subnet/subnet-041449224130dff4d",
            "assign_ipv6_address_on_creation": false,
            "availability_zone": "us-east-1b",
            "availability_zone_id": "use1-az4",
            "cidr_block": "10.10.20.0/24",
            "customer_owned_ipv4_pool": "",
            "enable_dns64": false,
            "enable_lni_at_device_index": 0,
            "enable_resource_name_dns_a_record_on_launch": false,
            "enable_resource_name_dns_aaaa_record_on_launch": false,
            "id": "subnet-041449224130dff4d",
            "ipv6_cidr_block": "",
            "ipv6_cidr_block_association_id": "",
            "ipv6_native": false,
            "map_customer_owned_ip_on_launch": false,
            "map_public_ip_on_launch": false,
            "outpost_arn": "",
            "owner_id": "940949265081",
            "private_dns_hostname_type_on_launch": "ip-name",
            "tags": {
              "Name": "ebilling unt1fbl3 Public Subnet #2",
              "Scenario": "ebilling-scenario",
              "Stack": "ebilling",
              "yor_name": "ebilling-public-subnet-2",
              "yor_trace": "8ac082be-4e07-4855-90d1-e1e038ff7b53"
            },
            "tags_all": {
              "Name": "ebilling unt1fbl3 Public Subnet #2",
              "Scenario": "ebilling-scenario",
              "Stack": "ebilling",
              "yor_name": "ebilling-public-subnet-2",
              "yor_trace": "8ac082be-4e07-4855-90d1-e1e038ff7b53"
            },
            "timeouts": null,
            "vpc_id": "vpc-0d8a6ea864c50de01"
          },
          "sensitive_attributes": [],
          "private": "eyJlMmJmYjczMC1lY2FhLTExZTYtOGY4OC0zNDM2M2JjN2M0YzAiOnsiY3JlYXRlIjo2MDAwMDAwMDAwMDAsImRlbGV0ZSI6MTIwMDAwMDAwMDAwMH0sInNjaGVtYV92ZXJzaW9uIjoiMSJ9",
          "dependencies": [
            "aws_vpc.ebilling-vpc",
            "random_string.bucket_suffix"
          ]
        }
      ]
    },
    {
      "mode": "managed",
      "type": "aws_vpc",
      "name": "ebilling-vpc",
      "provider": "provider[\"registry.terraform.io/hashicorp/aws\"]",
      "instances": [
        {
          "schema_version": 1,
          "attributes": {
            "arn": "arn:aws:ec2:us-east-1:940949265081:vpc/vpc-0d8a6ea864c50de01",
            "assign_generated_ipv6_cidr_block": false,
            "cidr_block": "10.10.0.0/16",
            "default_network_acl_id": "acl-0aad848422a769782",
            "default_route_table_id": "rtb-084aba949523c52ac",
            "default_security_group_id": "sg-04e3a89c15a5b5781",
            "dhcp_options_id": "dopt-0c726ad9b33dafa8d",
            "enable_dns_hostnames": true,
            "enable_dns_support": true,
            "enable_network_address_usage_metrics": false,
            "id": "vpc-0d8a6ea864c50de01",
            "instance_tenancy": "default",
            "ipv4_ipam_pool_id": null,
            "ipv4_netmask_length": null,
            "ipv6_association_id": "",
            "ipv6_cidr_block": "",
            "ipv6_cidr_block_network_border_group": "",
            "ipv6_ipam_pool_id": "",
            "ipv6_netmask_length": 0,
            "main_route_table_id": "rtb-084aba949523c52ac",
            "owner_id": "940949265081",
            "tags": {
              "Name": "ebilling unt1fbl3 VPC",
              "Scenario": "ebilling-scenario",
              "Stack": "ebilling",
              "yor_name": "ebilling-vpc",
              "yor_trace": "75c11fd2-cdf3-42ac-a385-5aea38796b70"
            },
            "tags_all": {
              "Name": "ebilling unt1fbl3 VPC",
              "Scenario": "ebilling-scenario",
              "Stack": "ebilling",
              "yor_name": "ebilling-vpc",
              "yor_trace": "75c11fd2-cdf3-42ac-a385-5aea38796b70"
            }
          },
          "sensitive_attributes": [],
          "private": "eyJzY2hlbWFfdmVyc2lvbiI6IjEifQ==",
          "dependencies": [
            "random_string.bucket_suffix"
          ]
        }
      ]
    },
    {
      "mode": "managed",
      "type": "random_string",
      "name": "bucket_suffix",
      "provider": "provider[\"registry.terraform.io/hashicorp/random\"]",
      "instances": [
        {
          "schema_version": 2,
          "attributes": {
            "id": "unt1fbl3",
            "keepers": null,
            "length": 8,
            "lower": true,
            "min_lower": 0,
            "min_numeric": 0,
            "min_special": 0,
            "min_upper": 0,
            "number": true,
            "numeric": true,
            "override_special": null,
            "result": "unt1fbl3",
            "special": false,
            "upper": false
          },
          "sensitive_attributes": []
        }
      ]
    }
  ],
  "check_results": null
}
